// !$*UTF8*$!
{
	archiveVersion = 1;
	classes = {
	};
	objectVersion = 56;
	objects = {

/* Begin PBXBuildFile section */
		40B6EBB92AADF7C80023DB38 /* ToDoListApp.swift in Sources */ = {isa = PBXBuildFile; fileRef = 40B6EBB82AADF7C80023DB38 /* ToDoListApp.swift */; };
		40B6EBBB2AADF7C80023DB38 /* ContentView.swift in Sources */ = {isa = PBXBuildFile; fileRef = 40B6EBBA2AADF7C80023DB38 /* ContentView.swift */; };
		40B6EBBD2AADF7C90023DB38 /* Assets.xcassets in Resources */ = {isa = PBXBuildFile; fileRef = 40B6EBBC2AADF7C90023DB38 /* Assets.xcassets */; };
		40B6EBC02AADF7C90023DB38 /* Preview Assets.xcassets in Resources */ = {isa = PBXBuildFile; fileRef = 40B6EBBF2AADF7C90023DB38 /* Preview Assets.xcassets */; };
		40B6EBC22AADF7C90023DB38 /* Persistence.swift in Sources */ = {isa = PBXBuildFile; fileRef = 40B6EBC12AADF7C90023DB38 /* Persistence.swift */; };
		40B6EBC52AADF7C90023DB38 /* ToDoList.xcdatamodeld in Sources */ = {isa = PBXBuildFile; fileRef = 40B6EBC32AADF7C90023DB38 /* ToDoList.xcdatamodeld */; };
		40B6EBCF2AADF7C90023DB38 /* ToDoListTests.swift in Sources */ = {isa = PBXBuildFile; fileRef = 40B6EBCE2AADF7C90023DB38 /* ToDoListTests.swift */; };
		40B6EBD92AADF7C90023DB38 /* ToDoListUITests.swift in Sources */ = {isa = PBXBuildFile; fileRef = 40B6EBD82AADF7C90023DB38 /* ToDoListUITests.swift */; };
		40B6EBDB2AADF7C90023DB38 /* ToDoListUITestsLaunchTests.swift in Sources */ = {isa = PBXBuildFile; fileRef = 40B6EBDA2AADF7C90023DB38 /* ToDoListUITestsLaunchTests.swift */; };
/* End PBXBuildFile section */

/* Begin PBXContainerItemProxy section */
		40B6EBCB2AADF7C90023DB38 /* PBXContainerItemProxy */ = {
			isa = PBXContainerItemProxy;
			containerPortal = 40B6EBAD2AADF7C80023DB38 /* Project object */;
			proxyType = 1;
			remoteGlobalIDString = 40B6EBB42AADF7C80023DB38;
			remoteInfo = ToDoList;
		};
		40B6EBD52AADF7C90023DB38 /* PBXContainerItemProxy */ = {
			isa = PBXContainerItemProxy;
			containerPortal = 40B6EBAD2AADF7C80023DB38 /* Project object */;
			proxyType = 1;
			remoteGlobalIDString = 40B6EBB42AADF7C80023DB38;
			remoteInfo = ToDoList;
		};
/* End PBXContainerItemProxy section */

/* Begin PBXFileReference section */
		40B6EBB52AADF7C80023DB38 /* ToDoList.app */ = {isa = PBXFileReference; explicitFileType = wrapper.application; includeInIndex = 0; path = ToDoList.app; sourceTree = BUILT_PRODUCTS_DIR; };
		40B6EBB82AADF7C80023DB38 /* ToDoListApp.swift */ = {isa = PBXFileReference; lastKnownFileType = sourcecode.swift; path = ToDoListApp.swift; sourceTree = "<group>"; };
		40B6EBBA2AADF7C80023DB38 /* ContentView.swift */ = {isa = PBXFileReference; lastKnownFileType = sourcecode.swift; path = ContentView.swift; sourceTree = "<group>"; };
		40B6EBBC2AADF7C90023DB38 /* Assets.xcassets */ = {isa = PBXFileReference; lastKnownFileType = folder.assetcatalog; path = Assets.xcassets; sourceTree = "<group>"; };
		40B6EBBF2AADF7C90023DB38 /* Preview Assets.xcassets */ = {isa = PBXFileReference; lastKnownFileType = folder.assetcatalog; path = "Preview Assets.xcassets"; sourceTree = "<group>"; };
		40B6EBC12AADF7C90023DB38 /* Persistence.swift */ = {isa = PBXFileReference; lastKnownFileType = sourcecode.swift; path = Persistence.swift; sourceTree = "<group>"; };
		40B6EBC42AADF7C90023DB38 /* ToDoList.xcdatamodel */ = {isa = PBXFileReference; lastKnownFileType = wrapper.xcdatamodel; path = ToDoList.xcdatamodel; sourceTree = "<group>"; };
		40B6EBCA2AADF7C90023DB38 /* ToDoListTests.xctest */ = {isa = PBXFileReference; explicitFileType = wrapper.cfbundle; includeInIndex = 0; path = ToDoListTests.xctest; sourceTree = BUILT_PRODUCTS_DIR; };
		40B6EBCE2AADF7C90023DB38 /* ToDoListTests.swift */ = {isa = PBXFileReference; lastKnownFileType = sourcecode.swift; path = ToDoListTests.swift; sourceTree = "<group>"; };
		40B6EBD42AADF7C90023DB38 /* ToDoListUITests.xctest */ = {isa = PBXFileReference; explicitFileType = wrapper.cfbundle; includeInIndex = 0; path = ToDoListUITests.xctest; sourceTree = BUILT_PRODUCTS_DIR; };
		40B6EBD82AADF7C90023DB38 /* ToDoListUITests.swift */ = {isa = PBXFileReference; lastKnownFileType = sourcecode.swift; path = ToDoListUITests.swift; sourceTree = "<group>"; };
		40B6EBDA2AADF7C90023DB38 /* ToDoListUITestsLaunchTests.swift */ = {isa = PBXFileReference; lastKnownFileType = sourcecode.swift; path = ToDoListUITestsLaunchTests.swift; sourceTree = "<group>"; };
/* End PBXFileReference section */

/* Begin PBXFrameworksBuildPhase section */
		40B6EBB22AADF7C80023DB38 /* Frameworks */ = {
			isa = PBXFrameworksBuildPhase;
			buildActionMask = 2147483647;
			files = (
			);
			runOnlyForDeploymentPostprocessing = 0;
		};
		40B6EBC72AADF7C90023DB38 /* Frameworks */ = {
			isa = PBXFrameworksBuildPhase;
			buildActionMask = 2147483647;
			files = (
			);
			runOnlyForDeploymentPostprocessing = 0;
		};
		40B6EBD12AADF7C90023DB38 /* Frameworks */ = {
			isa = PBXFrameworksBuildPhase;
			buildActionMask = 2147483647;
			files = (
			);
			runOnlyForDeploymentPostprocessing = 0;
		};
/* End PBXFrameworksBuildPhase section */

/* Begin PBXGroup section */
		40B6EBAC2AADF7C80023DB38 = {
			isa = PBXGroup;
			children = (
				40B6EBB72AADF7C80023DB38 /* ToDoList */,
				40B6EBCD2AADF7C90023DB38 /* ToDoListTests */,
				40B6EBD72AADF7C90023DB38 /* ToDoListUITests */,
				40B6EBB62AADF7C80023DB38 /* Products */,
			);
			sourceTree = "<group>";
		};
		40B6EBB62AADF7C80023DB38 /* Products */ = {
			isa = PBXGroup;
			children = (
				40B6EBB52AADF7C80023DB38 /* ToDoList.app */,
				40B6EBCA2AADF7C90023DB38 /* ToDoListTests.xctest */,
				40B6EBD42AADF7C90023DB38 /* ToDoListUITests.xctest */,
			);
			name = Products;
			sourceTree = "<group>";
		};
		40B6EBB72AADF7C80023DB38 /* ToDoList */ = {
			isa = PBXGroup;
			children = (
				40B6EBB82AADF7C80023DB38 /* ToDoListApp.swift */,
				40B6EBBA2AADF7C80023DB38 /* ContentView.swift */,
				40B6EBBC2AADF7C90023DB38 /* Assets.xcassets */,
				40B6EBC12AADF7C90023DB38 /* Persistence.swift */,
				40B6EBC32AADF7C90023DB38 /* ToDoList.xcdatamodeld */,
				40B6EBBE2AADF7C90023DB38 /* Preview Content */,
			);
			path = ToDoList;
			sourceTree = "<group>";
		};
		40B6EBBE2AADF7C90023DB38 /* Preview Content */ = {
			isa = PBXGroup;
			children = (
				40B6EBBF2AADF7C90023DB38 /* Preview Assets.xcassets */,
			);
			path = "Preview Content";
			sourceTree = "<group>";
		};
		40B6EBCD2AADF7C90023DB38 /* ToDoListTests */ = {
			isa = PBXGroup;
			children = (
				40B6EBCE2AADF7C90023DB38 /* ToDoListTests.swift */,
			);
			path = ToDoListTests;
			sourceTree = "<group>";
		};
		40B6EBD72AADF7C90023DB38 /* ToDoListUITests */ = {
			isa = PBXGroup;
			children = (
				40B6EBD82AADF7C90023DB38 /* ToDoListUITests.swift */,
				40B6EBDA2AADF7C90023DB38 /* ToDoListUITestsLaunchTests.swift */,
			);
			path = ToDoListUITests;
			sourceTree = "<group>";
		};
/* End PBXGroup section */

/* Begin PBXNativeTarget section */
		40B6EBB42AADF7C80023DB38 /* ToDoList */ = {
			isa = PBXNativeTarget;
			buildConfigurationList = 40B6EBDE2AADF7C90023DB38 /* Build configuration list for PBXNativeTarget "ToDoList" */;
			buildPhases = (
				40B6EBB12AADF7C80023DB38 /* Sources */,
				40B6EBB22AADF7C80023DB38 /* Frameworks */,
				40B6EBB32AADF7C80023DB38 /* Resources */,
			);
			buildRules = (
			);
			dependencies = (
			);
			name = ToDoList;
			productName = ToDoList;
			productReference = 40B6EBB52AADF7C80023DB38 /* ToDoList.app */;
			productType = "com.apple.product-type.application";
		};
		40B6EBC92AADF7C90023DB38 /* ToDoListTests */ = {
			isa = PBXNativeTarget;
			buildConfigurationList = 40B6EBE12AADF7C90023DB38 /* Build configuration list for PBXNativeTarget "ToDoListTests" */;
			buildPhases = (
				40B6EBC62AADF7C90023DB38 /* Sources */,
				40B6EBC72AADF7C90023DB38 /* Frameworks */,
				40B6EBC82AADF7C90023DB38 /* Resources */,
			);
			buildRules = (
			);
			dependencies = (
				40B6EBCC2AADF7C90023DB38 /* PBXTargetDependency */,
			);
			name = ToDoListTests;
			productName = ToDoListTests;
			productReference = 40B6EBCA2AADF7C90023DB38 /* ToDoListTests.xctest */;
			productType = "com.apple.product-type.bundle.unit-test";
		};
		40B6EBD32AADF7C90023DB38 /* ToDoListUITests */ = {
			isa = PBXNativeTarget;
			buildConfigurationList = 40B6EBE42AADF7C90023DB38 /* Build configuration list for PBXNativeTarget "ToDoListUITests" */;
			buildPhases = (
				40B6EBD02AADF7C90023DB38 /* Sources */,
				40B6EBD12AADF7C90023DB38 /* Frameworks */,
				40B6EBD22AADF7C90023DB38 /* Resources */,
			);
			buildRules = (
			);
			dependencies = (
				40B6EBD62AADF7C90023DB38 /* PBXTargetDependency */,
			);
			name = ToDoListUITests;
			productName = ToDoListUITests;
			productReference = 40B6EBD42AADF7C90023DB38 /* ToDoListUITests.xctest */;
			productType = "com.apple.product-type.bundle.ui-testing";
		};
/* End PBXNativeTarget section */

/* Begin PBXProject section */
		40B6EBAD2AADF7C80023DB38 /* Project object */ = {
			isa = PBXProject;
			attributes = {
				BuildIndependentTargetsInParallel = 1;
				LastSwiftUpdateCheck = 1430;
				LastUpgradeCheck = 1430;
				TargetAttributes = {
					40B6EBB42AADF7C80023DB38 = {
						CreatedOnToolsVersion = 14.3;
					};
					40B6EBC92AADF7C90023DB38 = {
						CreatedOnToolsVersion = 14.3;
						TestTargetID = 40B6EBB42AADF7C80023DB38;
					};
					40B6EBD32AADF7C90023DB38 = {
						CreatedOnToolsVersion = 14.3;
						TestTargetID = 40B6EBB42AADF7C80023DB38;
					};
				};
			};
			buildConfigurationList = 40B6EBB02AADF7C80023DB38 /* Build configuration list for PBXProject "ToDoList" */;
			compatibilityVersion = "Xcode 14.0";
			developmentRegion = en;
			hasScannedForEncodings = 0;
			knownRegions = (
				en,
				Base,
			);
			mainGroup = 40B6EBAC2AADF7C80023DB38;
			productRefGroup = 40B6EBB62AADF7C80023DB38 /* Products */;
			projectDirPath = "";
			projectRoot = "";
			targets = (
				40B6EBB42AADF7C80023DB38 /* ToDoList */,
				40B6EBC92AADF7C90023DB38 /* ToDoListTests */,
				40B6EBD32AADF7C90023DB38 /* ToDoListUITests */,
			);
		};
/* End PBXProject section */

/* Begin PBXResourcesBuildPhase section */
		40B6EBB32AADF7C80023DB38 /* Resources */ = {
			isa = PBXResourcesBuildPhase;
			buildActionMask = 2147483647;
			files = (
				40B6EBC02AADF7C90023DB38 /* Preview Assets.xcassets in Resources */,
				40B6EBBD2AADF7C90023DB38 /* Assets.xcassets in Resources */,
			);
			runOnlyForDeploymentPostprocessing = 0;
		};
		40B6EBC82AADF7C90023DB38 /* Resources */ = {
			isa = PBXResourcesBuildPhase;
			buildActionMask = 2147483647;
			files = (
			);
			runOnlyForDeploymentPostprocessing = 0;
		};
		40B6EBD22AADF7C90023DB38 /* Resources */ = {
			isa = PBXResourcesBuildPhase;
			buildActionMask = 2147483647;
			files = (
			);
			runOnlyForDeploymentPostprocessing = 0;
		};
/* End PBXResourcesBuildPhase section */

/* Begin PBXSourcesBuildPhase section */
		40B6EBB12AADF7C80023DB38 /* Sources */ = {
			isa = PBXSourcesBuildPhase;
			buildActionMask = 2147483647;
			files = (
				40B6EBC22AADF7C90023DB38 /* Persistence.swift in Sources */,
				40B6EBBB2AADF7C80023DB38 /* ContentView.swift in Sources */,
				40B6EBB92AADF7C80023DB38 /* ToDoListApp.swift in Sources */,
				40B6EBC52AADF7C90023DB38 /* ToDoList.xcdatamodeld in Sources */,
			);
			runOnlyForDeploymentPostprocessing = 0;
		};
		40B6EBC62AADF7C90023DB38 /* Sources */ = {
			isa = PBXSourcesBuildPhase;
			buildActionMask = 2147483647;
			files = (
				40B6EBCF2AADF7C90023DB38 /* ToDoListTests.swift in Sources */,
			);
			runOnlyForDeploymentPostprocessing = 0;
		};
		40B6EBD02AADF7C90023DB38 /* Sources */ = {
			isa = PBXSourcesBuildPhase;
			buildActionMask = 2147483647;
			files = (
				40B6EBDB2AADF7C90023DB38 /* ToDoListUITestsLaunchTests.swift in Sources */,
				40B6EBD92AADF7C90023DB38 /* ToDoListUITests.swift in Sources */,
			);
			runOnlyForDeploymentPostprocessing = 0;
		};
/* End PBXSourcesBuildPhase section */

/* Begin PBXTargetDependency section */
		40B6EBCC2AADF7C90023DB38 /* PBXTargetDependency */ = {
			isa = PBXTargetDependency;
			target = 40B6EBB42AADF7C80023DB38 /* ToDoList */;
			targetProxy = 40B6EBCB2AADF7C90023DB38 /* PBXContainerItemProxy */;
		};
		40B6EBD62AADF7C90023DB38 /* PBXTargetDependency */ = {
			isa = PBXTargetDependency;
			target = 40B6EBB42AADF7C80023DB38 /* ToDoList */;
			targetProxy = 40B6EBD52AADF7C90023DB38 /* PBXContainerItemProxy */;
		};
/* End PBXTargetDependency section */

/* Begin XCBuildConfiguration section */
		40B6EBDC2AADF7C90023DB38 /* Debug */ = {
			isa = XCBuildConfiguration;
			buildSettings = {
				ALWAYS_SEARCH_USER_PATHS = NO;
				CLANG_ANALYZER_NONNULL = YES;
				CLANG_ANALYZER_NUMBER_OBJECT_CONVERSION = YES_AGGRESSIVE;
				CLANG_CXX_LANGUAGE_STANDARD = "gnu++20";
				CLANG_ENABLE_MODULES = YES;
				CLANG_ENABLE_OBJC_ARC = YES;
				CLANG_ENABLE_OBJC_WEAK = YES;
				CLANG_WARN_BLOCK_CAPTURE_AUTORELEASING = YES;
				CLANG_WARN_BOOL_CONVERSION = YES;
				CLANG_WARN_COMMA = YES;
				CLANG_WARN_CONSTANT_CONVERSION = YES;
				CLANG_WARN_DEPRECATED_OBJC_IMPLEMENTATIONS = YES;
				CLANG_WARN_DIRECT_OBJC_ISA_USAGE = YES_ERROR;
				CLANG_WARN_DOCUMENTATION_COMMENTS = YES;
				CLANG_WARN_EMPTY_BODY = YES;
				CLANG_WARN_ENUM_CONVERSION = YES;
				CLANG_WARN_INFINITE_RECURSION = YES;
				CLANG_WARN_INT_CONVERSION = YES;
				CLANG_WARN_NON_LITERAL_NULL_CONVERSION = YES;
				CLANG_WARN_OBJC_IMPLICIT_RETAIN_SELF = YES;
				CLANG_WARN_OBJC_LITERAL_CONVERSION = YES;
				CLANG_WARN_OBJC_ROOT_CLASS = YES_ERROR;
				CLANG_WARN_QUOTED_INCLUDE_IN_FRAMEWORK_HEADER = YES;
				CLANG_WARN_RANGE_LOOP_ANALYSIS = YES;
				CLANG_WARN_STRICT_PROTOTYPES = YES;
				CLANG_WARN_SUSPICIOUS_MOVE = YES;
				CLANG_WARN_UNGUARDED_AVAILABILITY = YES_AGGRESSIVE;
				CLANG_WARN_UNREACHABLE_CODE = YES;
				CLANG_WARN__DUPLICATE_METHOD_MATCH = YES;
				COPY_PHASE_STRIP = NO;
				DEBUG_INFORMATION_FORMAT = dwarf;
				ENABLE_STRICT_OBJC_MSGSEND = YES;
				ENABLE_TESTABILITY = YES;
				GCC_C_LANGUAGE_STANDARD = gnu11;
				GCC_DYNAMIC_NO_PIC = NO;
				GCC_NO_COMMON_BLOCKS = YES;
				GCC_OPTIMIZATION_LEVEL = 0;
				GCC_PREPROCESSOR_DEFINITIONS = (
					"DEBUG=1",
					"$(inherited)",
				);
				GCC_WARN_64_TO_32_BIT_CONVERSION = YES;
				GCC_WARN_ABOUT_RETURN_TYPE = YES_ERROR;
				GCC_WARN_UNDECLARED_SELECTOR = YES;
				GCC_WARN_UNINITIALIZED_AUTOS = YES_AGGRESSIVE;
				GCC_WARN_UNUSED_FUNCTION = YES;
				GCC_WARN_UNUSED_VARIABLE = YES;
				IPHONEOS_DEPLOYMENT_TARGET = 16.4;
				MTL_ENABLE_DEBUG_INFO = INCLUDE_SOURCE;
				MTL_FAST_MATH = YES;
				ONLY_ACTIVE_ARCH = YES;
				SDKROOT = iphoneos;
				SWIFT_ACTIVE_COMPILATION_CONDITIONS = DEBUG;
				SWIFT_OPTIMIZATION_LEVEL = "-Onone";
			};
			name = Debug;
		};
		40B6EBDD2AADF7C90023DB38 /* Release */ = {
			isa = XCBuildConfiguration;
			buildSettings = {
				ALWAYS_SEARCH_USER_PATHS = NO;
				CLANG_ANALYZER_NONNULL = YES;
				CLANG_ANALYZER_NUMBER_OBJECT_CONVERSION = YES_AGGRESSIVE;
				CLANG_CXX_LANGUAGE_STANDARD = "gnu++20";
				CLANG_ENABLE_MODULES = YES;
				CLANG_ENABLE_OBJC_ARC = YES;
				CLANG_ENABLE_OBJC_WEAK = YES;
				CLANG_WARN_BLOCK_CAPTURE_AUTORELEASING = YES;
				CLANG_WARN_BOOL_CONVERSION = YES;
				CLANG_WARN_COMMA = YES;
				CLANG_WARN_CONSTANT_CONVERSION = YES;
				CLANG_WARN_DEPRECATED_OBJC_IMPLEMENTATIONS = YES;
				CLANG_WARN_DIRECT_OBJC_ISA_USAGE = YES_ERROR;
				CLANG_WARN_DOCUMENTATION_COMMENTS = YES;
				CLANG_WARN_EMPTY_BODY = YES;
				CLANG_WARN_ENUM_CONVERSION = YES;
				CLANG_WARN_INFINITE_RECURSION = YES;
				CLANG_WARN_INT_CONVERSION = YES;
				CLANG_WARN_NON_LITERAL_NULL_CONVERSION = YES;
				CLANG_WARN_OBJC_IMPLICIT_RETAIN_SELF = YES;
				CLANG_WARN_OBJC_LITERAL_CONVERSION = YES;
				CLANG_WARN_OBJC_ROOT_CLASS = YES_ERROR;
				CLANG_WARN_QUOTED_INCLUDE_IN_FRAMEWORK_HEADER = YES;
				CLANG_WARN_RANGE_LOOP_ANALYSIS = YES;
				CLANG_WARN_STRICT_PROTOTYPES = YES;
				CLANG_WARN_SUSPICIOUS_MOVE = YES;
				CLANG_WARN_UNGUARDED_AVAILABILITY = YES_AGGRESSIVE;
				CLANG_WARN_UNREACHABLE_CODE = YES;
				CLANG_WARN__DUPLICATE_METHOD_MATCH = YES;
				COPY_PHASE_STRIP = NO;
				DEBUG_INFORMATION_FORMAT = "dwarf-with-dsym";
				ENABLE_NS_ASSERTIONS = NO;
				ENABLE_STRICT_OBJC_MSGSEND = YES;
				GCC_C_LANGUAGE_STANDARD = gnu11;
				GCC_NO_COMMON_BLOCKS = YES;
				GCC_WARN_64_TO_32_BIT_CONVERSION = YES;
				GCC_WARN_ABOUT_RETURN_TYPE = YES_ERROR;
				GCC_WARN_UNDECLARED_SELECTOR = YES;
				GCC_WARN_UNINITIALIZED_AUTOS = YES_AGGRESSIVE;
				GCC_WARN_UNUSED_FUNCTION = YES;
				GCC_WARN_UNUSED_VARIABLE = YES;
				IPHONEOS_DEPLOYMENT_TARGET = 16.4;
				MTL_ENABLE_DEBUG_INFO = NO;
				MTL_FAST_MATH = YES;
				SDKROOT = iphoneos;
				SWIFT_COMPILATION_MODE = wholemodule;
				SWIFT_OPTIMIZATION_LEVEL = "-O";
				VALIDATE_PRODUCT = YES;
			};
			name = Release;
		};
		40B6EBDF2AADF7C90023DB38 /* Debug */ = {
			isa = XCBuildConfiguration;
			buildSettings = {
				ASSETCATALOG_COMPILER_APPICON_NAME = AppIcon;
				ASSETCATALOG_COMPILER_GLOBAL_ACCENT_COLOR_NAME = AccentColor;
				CODE_SIGN_STYLE = Automatic;
				CURRENT_PROJECT_VERSION = 1;
				DEVELOPMENT_ASSET_PATHS = "\"ToDoList/Preview Content\"";
				DEVELOPMENT_TEAM = AR84MSRR4K;
				ENABLE_PREVIEWS = YES;
				GENERATE_INFOPLIST_FILE = YES;
				INFOPLIST_KEY_UIApplicationSceneManifest_Generation = YES;
				INFOPLIST_KEY_UIApplicationSupportsIndirectInputEvents = YES;
				INFOPLIST_KEY_UILaunchScreen_Generation = YES;
				INFOPLIST_KEY_UISupportedInterfaceOrientations_iPad = "UIInterfaceOrientationPortrait UIInterfaceOrientationPortraitUpsideDown UIInterfaceOrientationLandscapeLeft UIInterfaceOrientationLandscapeRight";
				INFOPLIST_KEY_UISupportedInterfaceOrientations_iPhone = "UIInterfaceOrientationPortrait UIInterfaceOrientationLandscapeLeft UIInterfaceOrientationLandscapeRight";
				LD_RUNPATH_SEARCH_PATHS = (
					"$(inherited)",
					"@executable_path/Frameworks",
				);
				MARKETING_VERSION = 1.0;
				PRODUCT_BUNDLE_IDENTIFIER = yagrariksa.altechomega.test.ToDoList;
				PRODUCT_NAME = "$(TARGET_NAME)";
				SWIFT_EMIT_LOC_STRINGS = YES;
				SWIFT_VERSION = 5.0;
				TARGETED_DEVICE_FAMILY = "1,2";
			};
			name = Debug;
		};
		40B6EBE02AADF7C90023DB38 /* Release */ = {
			isa = XCBuildConfiguration;
			buildSettings = {
				ASSETCATALOG_COMPILER_APPICON_NAME = AppIcon;
				ASSETCATALOG_COMPILER_GLOBAL_ACCENT_COLOR_NAME = AccentColor;
				CODE_SIGN_STYLE = Automatic;
				CURRENT_PROJECT_VERSION = 1;
				DEVELOPMENT_ASSET_PATHS = "\"ToDoList/Preview Content\"";
				DEVELOPMENT_TEAM = AR84MSRR4K;
				ENABLE_PREVIEWS = YES;
				GENERATE_INFOPLIST_FILE = YES;
				INFOPLIST_KEY_UIApplicationSceneManifest_Generation = YES;
				INFOPLIST_KEY_UIApplicationSupportsIndirectInputEvents = YES;
				INFOPLIST_KEY_UILaunchScreen_Generation = YES;
				INFOPLIST_KEY_UISupportedInterfaceOrientations_iPad = "UIInterfaceOrientationPortrait UIInterfaceOrientationPortraitUpsideDown UIInterfaceOrientationLandscapeLeft UIInterfaceOrientationLandscapeRight";
				INFOPLIST_KEY_UISupportedInterfaceOrientations_iPhone = "UIInterfaceOrientationPortrait UIInterfaceOrientationLandscapeLeft UIInterfaceOrientationLandscapeRight";
				LD_RUNPATH_SEARCH_PATHS = (
					"$(inherited)",
					"@executable_path/Frameworks",
				);
				MARKETING_VERSION = 1.0;
				PRODUCT_BUNDLE_IDENTIFIER = yagrariksa.altechomega.test.ToDoList;
				PRODUCT_NAME = "$(TARGET_NAME)";
				SWIFT_EMIT_LOC_STRINGS = YES;
				SWIFT_VERSION = 5.0;
				TARGETED_DEVICE_FAMILY = "1,2";
			};
			name = Release;
		};
		40B6EBE22AADF7C90023DB38 /* Debug */ = {
			isa = XCBuildConfiguration;
			buildSettings = {
				ALWAYS_EMBED_SWIFT_STANDARD_LIBRARIES = YES;
				BUNDLE_LOADER = "$(TEST_HOST)";
				CODE_SIGN_STYLE = Automatic;
				CURRENT_PROJECT_VERSION = 1;
				DEVELOPMENT_TEAM = AR84MSRR4K;
				GENERATE_INFOPLIST_FILE = YES;
				IPHONEOS_DEPLOYMENT_TARGET = 16.4;
				MARKETING_VERSION = 1.0;
				PRODUCT_BUNDLE_IDENTIFIER = yagrariksa.altechomega.test.ToDoListTests;
				PRODUCT_NAME = "$(TARGET_NAME)";
				SWIFT_EMIT_LOC_STRINGS = NO;
				SWIFT_VERSION = 5.0;
				TARGETED_DEVICE_FAMILY = "1,2";
				TEST_HOST = "$(BUILT_PRODUCTS_DIR)/ToDoList.app/$(BUNDLE_EXECUTABLE_FOLDER_PATH)/ToDoList";
			};
			name = Debug;
		};
		40B6EBE32AADF7C90023DB38 /* Release */ = {
			isa = XCBuildConfiguration;
			buildSettings = {
				ALWAYS_EMBED_SWIFT_STANDARD_LIBRARIES = YES;
				BUNDLE_LOADER = "$(TEST_HOST)";
				CODE_SIGN_STYLE = Automatic;
				CURRENT_PROJECT_VERSION = 1;
				DEVELOPMENT_TEAM = AR84MSRR4K;
				GENERATE_INFOPLIST_FILE = YES;
				IPHONEOS_DEPLOYMENT_TARGET = 16.4;
				MARKETING_VERSION = 1.0;
				PRODUCT_BUNDLE_IDENTIFIER = yagrariksa.altechomega.test.ToDoListTests;
				PRODUCT_NAME = "$(TARGET_NAME)";
				SWIFT_EMIT_LOC_STRINGS = NO;
				SWIFT_VERSION = 5.0;
				TARGETED_DEVICE_FAMILY = "1,2";
				TEST_HOST = "$(BUILT_PRODUCTS_DIR)/ToDoList.app/$(BUNDLE_EXECUTABLE_FOLDER_PATH)/ToDoList";
			};
			name = Release;
		};
		40B6EBE52AADF7C90023DB38 /* Debug */ = {
			isa = XCBuildConfiguration;
			buildSettings = {
				ALWAYS_EMBED_SWIFT_STANDARD_LIBRARIES = YES;
				CODE_SIGN_STYLE = Automatic;
				CURRENT_PROJECT_VERSION = 1;
				DEVELOPMENT_TEAM = AR84MSRR4K;
				GENERATE_INFOPLIST_FILE = YES;
				MARKETING_VERSION = 1.0;
				PRODUCT_BUNDLE_IDENTIFIER = yagrariksa.altechomega.test.ToDoListUITests;
				PRODUCT_NAME = "$(TARGET_NAME)";
				SWIFT_EMIT_LOC_STRINGS = NO;
				SWIFT_VERSION = 5.0;
				TARGETED_DEVICE_FAMILY = "1,2";
				TEST_TARGET_NAME = ToDoList;
			};
			name = Debug;
		};
		40B6EBE62AADF7C90023DB38 /* Release */ = {
			isa = XCBuildConfiguration;
			buildSettings = {
				ALWAYS_EMBED_SWIFT_STANDARD_LIBRARIES = YES;
				CODE_SIGN_STYLE = Automatic;
				CURRENT_PROJECT_VERSION = 1;
				DEVELOPMENT_TEAM = AR84MSRR4K;
				GENERATE_INFOPLIST_FILE = YES;
				MARKETING_VERSION = 1.0;
				PRODUCT_BUNDLE_IDENTIFIER = yagrariksa.altechomega.test.ToDoListUITests;
				PRODUCT_NAME = "$(TARGET_NAME)";
				SWIFT_EMIT_LOC_STRINGS = NO;
				SWIFT_VERSION = 5.0;
				TARGETED_DEVICE_FAMILY = "1,2";
				TEST_TARGET_NAME = ToDoList;
			};
			name = Release;
		};
/* End XCBuildConfiguration section */

/* Begin XCConfigurationList section */
		40B6EBB02AADF7C80023DB38 /* Build configuration list for PBXProject "ToDoList" */ = {
			isa = XCConfigurationList;
			buildConfigurations = (
				40B6EBDC2AADF7C90023DB38 /* Debug */,
				40B6EBDD2AADF7C90023DB38 /* Release */,
			);
			defaultConfigurationIsVisible = 0;
			defaultConfigurationName = Release;
		};
		40B6EBDE2AADF7C90023DB38 /* Build configuration list for PBXNativeTarget "ToDoList" */ = {
			isa = XCConfigurationList;
			buildConfigurations = (
				40B6EBDF2AADF7C90023DB38 /* Debug */,
				40B6EBE02AADF7C90023DB38 /* Release */,
			);
			defaultConfigurationIsVisible = 0;
			defaultConfigurationName = Release;
		};
		40B6EBE12AADF7C90023DB38 /* Build configuration list for PBXNativeTarget "ToDoListTests" */ = {
			isa = XCConfigurationList;
			buildConfigurations = (
				40B6EBE22AADF7C90023DB38 /* Debug */,
				40B6EBE32AADF7C90023DB38 /* Release */,
			);
			defaultConfigurationIsVisible = 0;
			defaultConfigurationName = Release;
		};
		40B6EBE42AADF7C90023DB38 /* Build configuration list for PBXNativeTarget "ToDoListUITests" */ = {
			isa = XCConfigurationList;
			buildConfigurations = (
				40B6EBE52AADF7C90023DB38 /* Debug */,
				40B6EBE62AADF7C90023DB38 /* Release */,
			);
			defaultConfigurationIsVisible = 0;
			defaultConfigurationName = Release;
		};
/* End XCConfigurationList section */

/* Begin XCVersionGroup section */
		40B6EBC32AADF7C90023DB38 /* ToDoList.xcdatamodeld */ = {
			isa = XCVersionGroup;
			children = (
				40B6EBC42AADF7C90023DB38 /* ToDoList.xcdatamodel */,
			);
			currentVersion = 40B6EBC42AADF7C90023DB38 /* ToDoList.xcdatamodel */;
			path = ToDoList.xcdatamodeld;
			sourceTree = "<group>";
			versionGroupType = wrapper.xcdatamodel;
		};
/* End XCVersionGroup section */
	};
	rootObject = 40B6EBAD2AADF7C80023DB38 /* Project object */;
}
